// !$*UTF8*$!
{
	archiveVersion = 1;
	classes = {
	};
	objectVersion = 46;
	objects = {

/* Begin PBXBuildFile section */
		014E677F1F8319B200F44DF3 /* CoreLocation.framework in Frameworks */ = {isa = PBXBuildFile; fileRef = 014E677E1F8319B200F44DF3 /* CoreLocation.framework */; };
		019BD4151F7E387A006F0487 /* BluetoothIO.swift in Sources */ = {isa = PBXBuildFile; fileRef = 019BD4141F7E387A006F0487 /* BluetoothIO.swift */; };
		01DF825D1F75CB980041C16E /* AppDelegate.swift in Sources */ = {isa = PBXBuildFile; fileRef = 01DF825C1F75CB980041C16E /* AppDelegate.swift */; };
		01DF825F1F75CB980041C16E /* ViewController.swift in Sources */ = {isa = PBXBuildFile; fileRef = 01DF825E1F75CB980041C16E /* ViewController.swift */; };
		01DF82621F75CB980041C16E /* Main.storyboard in Resources */ = {isa = PBXBuildFile; fileRef = 01DF82601F75CB980041C16E /* Main.storyboard */; };
		01DF82651F75CB980041C16E /* SmartBike.xcdatamodeld in Sources */ = {isa = PBXBuildFile; fileRef = 01DF82631F75CB980041C16E /* SmartBike.xcdatamodeld */; };
		01DF82671F75CB980041C16E /* Assets.xcassets in Resources */ = {isa = PBXBuildFile; fileRef = 01DF82661F75CB980041C16E /* Assets.xcassets */; };
		01DF826A1F75CB980041C16E /* LaunchScreen.storyboard in Resources */ = {isa = PBXBuildFile; fileRef = 01DF82681F75CB980041C16E /* LaunchScreen.storyboard */; };
		01DF82751F75CB990041C16E /* SmartBikeTests.swift in Sources */ = {isa = PBXBuildFile; fileRef = 01DF82741F75CB990041C16E /* SmartBikeTests.swift */; };
		01DF82801F75CB990041C16E /* SmartBikeUITests.swift in Sources */ = {isa = PBXBuildFile; fileRef = 01DF827F1F75CB990041C16E /* SmartBikeUITests.swift */; };
/* End PBXBuildFile section */

/* Begin PBXContainerItemProxy section */
		01DF82711F75CB990041C16E /* PBXContainerItemProxy */ = {
			isa = PBXContainerItemProxy;
			containerPortal = 01DF82511F75CB980041C16E /* Project object */;
			proxyType = 1;
			remoteGlobalIDString = 01DF82581F75CB980041C16E;
			remoteInfo = SmartBike;
		};
		01DF827C1F75CB990041C16E /* PBXContainerItemProxy */ = {
			isa = PBXContainerItemProxy;
			containerPortal = 01DF82511F75CB980041C16E /* Project object */;
			proxyType = 1;
			remoteGlobalIDString = 01DF82581F75CB980041C16E;
			remoteInfo = SmartBike;
		};
/* End PBXContainerItemProxy section */

/* Begin PBXFileReference section */
		014E677E1F8319B200F44DF3 /* CoreLocation.framework */ = {isa = PBXFileReference; lastKnownFileType = wrapper.framework; name = CoreLocation.framework; path = System/Library/Frameworks/CoreLocation.framework; sourceTree = SDKROOT; };
		019BD4141F7E387A006F0487 /* BluetoothIO.swift */ = {isa = PBXFileReference; fileEncoding = 4; lastKnownFileType = sourcecode.swift; path = BluetoothIO.swift; sourceTree = "<group>"; };
		01DF82591F75CB980041C16E /* SmartBike.app */ = {isa = PBXFileReference; explicitFileType = wrapper.application; includeInIndex = 0; path = SmartBike.app; sourceTree = BUILT_PRODUCTS_DIR; };
		01DF825C1F75CB980041C16E /* AppDelegate.swift */ = {isa = PBXFileReference; lastKnownFileType = sourcecode.swift; path = AppDelegate.swift; sourceTree = "<group>"; };
		01DF825E1F75CB980041C16E /* ViewController.swift */ = {isa = PBXFileReference; lastKnownFileType = sourcecode.swift; path = ViewController.swift; sourceTree = "<group>"; };
		01DF82611F75CB980041C16E /* Base */ = {isa = PBXFileReference; lastKnownFileType = file.storyboard; name = Base; path = Base.lproj/Main.storyboard; sourceTree = "<group>"; };
		01DF82641F75CB980041C16E /* SmartBike.xcdatamodel */ = {isa = PBXFileReference; lastKnownFileType = wrapper.xcdatamodel; path = SmartBike.xcdatamodel; sourceTree = "<group>"; };
		01DF82661F75CB980041C16E /* Assets.xcassets */ = {isa = PBXFileReference; lastKnownFileType = folder.assetcatalog; path = Assets.xcassets; sourceTree = "<group>"; };
		01DF82691F75CB980041C16E /* Base */ = {isa = PBXFileReference; lastKnownFileType = file.storyboard; name = Base; path = Base.lproj/LaunchScreen.storyboard; sourceTree = "<group>"; };
		01DF826B1F75CB980041C16E /* Info.plist */ = {isa = PBXFileReference; lastKnownFileType = text.plist.xml; path = Info.plist; sourceTree = "<group>"; };
		01DF82701F75CB990041C16E /* SmartBikeTests.xctest */ = {isa = PBXFileReference; explicitFileType = wrapper.cfbundle; includeInIndex = 0; path = SmartBikeTests.xctest; sourceTree = BUILT_PRODUCTS_DIR; };
		01DF82741F75CB990041C16E /* SmartBikeTests.swift */ = {isa = PBXFileReference; lastKnownFileType = sourcecode.swift; path = SmartBikeTests.swift; sourceTree = "<group>"; };
		01DF82761F75CB990041C16E /* Info.plist */ = {isa = PBXFileReference; lastKnownFileType = text.plist.xml; path = Info.plist; sourceTree = "<group>"; };
		01DF827B1F75CB990041C16E /* SmartBikeUITests.xctest */ = {isa = PBXFileReference; explicitFileType = wrapper.cfbundle; includeInIndex = 0; path = SmartBikeUITests.xctest; sourceTree = BUILT_PRODUCTS_DIR; };
		01DF827F1F75CB990041C16E /* SmartBikeUITests.swift */ = {isa = PBXFileReference; lastKnownFileType = sourcecode.swift; path = SmartBikeUITests.swift; sourceTree = "<group>"; };
		01DF82811F75CB990041C16E /* Info.plist */ = {isa = PBXFileReference; lastKnownFileType = text.plist.xml; path = Info.plist; sourceTree = "<group>"; };
/* End PBXFileReference section */

/* Begin PBXFrameworksBuildPhase section */
		01DF82561F75CB980041C16E /* Frameworks */ = {
			isa = PBXFrameworksBuildPhase;
			buildActionMask = 2147483647;
			files = (
				014E677F1F8319B200F44DF3 /* CoreLocation.framework in Frameworks */,
			);
			runOnlyForDeploymentPostprocessing = 0;
		};
		01DF826D1F75CB990041C16E /* Frameworks */ = {
			isa = PBXFrameworksBuildPhase;
			buildActionMask = 2147483647;
			files = (
			);
			runOnlyForDeploymentPostprocessing = 0;
		};
		01DF82781F75CB990041C16E /* Frameworks */ = {
			isa = PBXFrameworksBuildPhase;
			buildActionMask = 2147483647;
			files = (
			);
			runOnlyForDeploymentPostprocessing = 0;
		};
/* End PBXFrameworksBuildPhase section */

/* Begin PBXGroup section */
		014E677D1F8319B200F44DF3 /* Frameworks */ = {
			isa = PBXGroup;
			children = (
				014E677E1F8319B200F44DF3 /* CoreLocation.framework */,
			);
			name = Frameworks;
			sourceTree = "<group>";
		};
		01DF82501F75CB980041C16E = {
			isa = PBXGroup;
			children = (
				01DF825B1F75CB980041C16E /* SmartBike */,
				01DF82731F75CB990041C16E /* SmartBikeTests */,
				01DF827E1F75CB990041C16E /* SmartBikeUITests */,
				01DF825A1F75CB980041C16E /* Products */,
				014E677D1F8319B200F44DF3 /* Frameworks */,
			);
			sourceTree = "<group>";
		};
		01DF825A1F75CB980041C16E /* Products */ = {
			isa = PBXGroup;
			children = (
				01DF82591F75CB980041C16E /* SmartBike.app */,
				01DF82701F75CB990041C16E /* SmartBikeTests.xctest */,
				01DF827B1F75CB990041C16E /* SmartBikeUITests.xctest */,
			);
			name = Products;
			sourceTree = "<group>";
		};
		01DF825B1F75CB980041C16E /* SmartBike */ = {
			isa = PBXGroup;
			children = (
				019BD4141F7E387A006F0487 /* BluetoothIO.swift */,
				01DF825C1F75CB980041C16E /* AppDelegate.swift */,
				01DF825E1F75CB980041C16E /* ViewController.swift */,
				01DF82601F75CB980041C16E /* Main.storyboard */,
				01DF82661F75CB980041C16E /* Assets.xcassets */,
				01DF82681F75CB980041C16E /* LaunchScreen.storyboard */,
				01DF826B1F75CB980041C16E /* Info.plist */,
				01DF82631F75CB980041C16E /* SmartBike.xcdatamodeld */,
			);
			path = SmartBike;
			sourceTree = "<group>";
		};
		01DF82731F75CB990041C16E /* SmartBikeTests */ = {
			isa = PBXGroup;
			children = (
				01DF82741F75CB990041C16E /* SmartBikeTests.swift */,
				01DF82761F75CB990041C16E /* Info.plist */,
			);
			path = SmartBikeTests;
			sourceTree = "<group>";
		};
		01DF827E1F75CB990041C16E /* SmartBikeUITests */ = {
			isa = PBXGroup;
			children = (
				01DF827F1F75CB990041C16E /* SmartBikeUITests.swift */,
				01DF82811F75CB990041C16E /* Info.plist */,
			);
			path = SmartBikeUITests;
			sourceTree = "<group>";
		};
/* End PBXGroup section */

/* Begin PBXNativeTarget section */
		01DF82581F75CB980041C16E /* SmartBike */ = {
			isa = PBXNativeTarget;
			buildConfigurationList = 01DF82841F75CB990041C16E /* Build configuration list for PBXNativeTarget "SmartBike" */;
			buildPhases = (
				01DF82551F75CB980041C16E /* Sources */,
				01DF82561F75CB980041C16E /* Frameworks */,
				01DF82571F75CB980041C16E /* Resources */,
			);
			buildRules = (
			);
			dependencies = (
			);
			name = SmartBike;
			productName = SmartBike;
			productReference = 01DF82591F75CB980041C16E /* SmartBike.app */;
			productType = "com.apple.product-type.application";
		};
		01DF826F1F75CB990041C16E /* SmartBikeTests */ = {
			isa = PBXNativeTarget;
			buildConfigurationList = 01DF82871F75CB990041C16E /* Build configuration list for PBXNativeTarget "SmartBikeTests" */;
			buildPhases = (
				01DF826C1F75CB990041C16E /* Sources */,
				01DF826D1F75CB990041C16E /* Frameworks */,
				01DF826E1F75CB990041C16E /* Resources */,
			);
			buildRules = (
			);
			dependencies = (
				01DF82721F75CB990041C16E /* PBXTargetDependency */,
			);
			name = SmartBikeTests;
			productName = SmartBikeTests;
			productReference = 01DF82701F75CB990041C16E /* SmartBikeTests.xctest */;
			productType = "com.apple.product-type.bundle.unit-test";
		};
		01DF827A1F75CB990041C16E /* SmartBikeUITests */ = {
			isa = PBXNativeTarget;
			buildConfigurationList = 01DF828A1F75CB990041C16E /* Build configuration list for PBXNativeTarget "SmartBikeUITests" */;
			buildPhases = (
				01DF82771F75CB990041C16E /* Sources */,
				01DF82781F75CB990041C16E /* Frameworks */,
				01DF82791F75CB990041C16E /* Resources */,
			);
			buildRules = (
			);
			dependencies = (
				01DF827D1F75CB990041C16E /* PBXTargetDependency */,
			);
			name = SmartBikeUITests;
			productName = SmartBikeUITests;
			productReference = 01DF827B1F75CB990041C16E /* SmartBikeUITests.xctest */;
			productType = "com.apple.product-type.bundle.ui-testing";
		};
/* End PBXNativeTarget section */

/* Begin PBXProject section */
		01DF82511F75CB980041C16E /* Project object */ = {
			isa = PBXProject;
			attributes = {
				LastSwiftUpdateCheck = 0830;
				LastUpgradeCheck = 0900;
				ORGANIZATIONNAME = "Shubaan Taheri";
				TargetAttributes = {
					01DF82581F75CB980041C16E = {
						CreatedOnToolsVersion = 8.3.3;
						DevelopmentTeam = S2UTP3BQ3U;
						LastSwiftMigration = 0900;
						ProvisioningStyle = Automatic;
					};
					01DF826F1F75CB990041C16E = {
						CreatedOnToolsVersion = 8.3.3;
						LastSwiftMigration = 0900;
						ProvisioningStyle = Automatic;
						TestTargetID = 01DF82581F75CB980041C16E;
					};
					01DF827A1F75CB990041C16E = {
						CreatedOnToolsVersion = 8.3.3;
						LastSwiftMigration = 0900;
						ProvisioningStyle = Automatic;
						TestTargetID = 01DF82581F75CB980041C16E;
					};
				};
			};
			buildConfigurationList = 01DF82541F75CB980041C16E /* Build configuration list for PBXProject "SmartBike" */;
			compatibilityVersion = "Xcode 3.2";
			developmentRegion = English;
			hasScannedForEncodings = 0;
			knownRegions = (
				en,
				Base,
			);
			mainGroup = 01DF82501F75CB980041C16E;
			productRefGroup = 01DF825A1F75CB980041C16E /* Products */;
			projectDirPath = "";
			projectRoot = "";
			targets = (
				01DF82581F75CB980041C16E /* SmartBike */,
				01DF826F1F75CB990041C16E /* SmartBikeTests */,
				01DF827A1F75CB990041C16E /* SmartBikeUITests */,
			);
		};
/* End PBXProject section */

/* Begin PBXResourcesBuildPhase section */
		01DF82571F75CB980041C16E /* Resources */ = {
			isa = PBXResourcesBuildPhase;
			buildActionMask = 2147483647;
			files = (
				01DF826A1F75CB980041C16E /* LaunchScreen.storyboard in Resources */,
				01DF82671F75CB980041C16E /* Assets.xcassets in Resources */,
				01DF82621F75CB980041C16E /* Main.storyboard in Resources */,
			);
			runOnlyForDeploymentPostprocessing = 0;
		};
		01DF826E1F75CB990041C16E /* Resources */ = {
			isa = PBXResourcesBuildPhase;
			buildActionMask = 2147483647;
			files = (
			);
			runOnlyForDeploymentPostprocessing = 0;
		};
		01DF82791F75CB990041C16E /* Resources */ = {
			isa = PBXResourcesBuildPhase;
			buildActionMask = 2147483647;
			files = (
			);
			runOnlyForDeploymentPostprocessing = 0;
		};
/* End PBXResourcesBuildPhase section */

/* Begin PBXSourcesBuildPhase section */
		01DF82551F75CB980041C16E /* Sources */ = {
			isa = PBXSourcesBuildPhase;
			buildActionMask = 2147483647;
			files = (
				019BD4151F7E387A006F0487 /* BluetoothIO.swift in Sources */,
				01DF825F1F75CB980041C16E /* ViewController.swift in Sources */,
				01DF825D1F75CB980041C16E /* AppDelegate.swift in Sources */,
				01DF82651F75CB980041C16E /* SmartBike.xcdatamodeld in Sources */,
			);
			runOnlyForDeploymentPostprocessing = 0;
		};
		01DF826C1F75CB990041C16E /* Sources */ = {
			isa = PBXSourcesBuildPhase;
			buildActionMask = 2147483647;
			files = (
				01DF82751F75CB990041C16E /* SmartBikeTests.swift in Sources */,
			);
			runOnlyForDeploymentPostprocessing = 0;
		};
		01DF82771F75CB990041C16E /* Sources */ = {
			isa = PBXSourcesBuildPhase;
			buildActionMask = 2147483647;
			files = (
				01DF82801F75CB990041C16E /* SmartBikeUITests.swift in Sources */,
			);
			runOnlyForDeploymentPostprocessing = 0;
		};
/* End PBXSourcesBuildPhase section */

/* Begin PBXTargetDependency section */
		01DF82721F75CB990041C16E /* PBXTargetDependency */ = {
			isa = PBXTargetDependency;
			target = 01DF82581F75CB980041C16E /* SmartBike */;
			targetProxy = 01DF82711F75CB990041C16E /* PBXContainerItemProxy */;
		};
		01DF827D1F75CB990041C16E /* PBXTargetDependency */ = {
			isa = PBXTargetDependency;
			target = 01DF82581F75CB980041C16E /* SmartBike */;
			targetProxy = 01DF827C1F75CB990041C16E /* PBXContainerItemProxy */;
		};
/* End PBXTargetDependency section */

/* Begin PBXVariantGroup section */
		01DF82601F75CB980041C16E /* Main.storyboard */ = {
			isa = PBXVariantGroup;
			children = (
				01DF82611F75CB980041C16E /* Base */,
			);
			name = Main.storyboard;
			sourceTree = "<group>";
		};
		01DF82681F75CB980041C16E /* LaunchScreen.storyboard */ = {
			isa = PBXVariantGroup;
			children = (
				01DF82691F75CB980041C16E /* Base */,
			);
			name = LaunchScreen.storyboard;
			sourceTree = "<group>";
		};
/* End PBXVariantGroup section */

/* Begin XCBuildConfiguration section */
		01DF82821F75CB990041C16E /* Debug */ = {
			isa = XCBuildConfiguration;
			buildSettings = {
				ALWAYS_SEARCH_USER_PATHS = NO;
				CLANG_ANALYZER_NONNULL = YES;
				CLANG_ANALYZER_NUMBER_OBJECT_CONVERSION = YES_AGGRESSIVE;
				CLANG_CXX_LANGUAGE_STANDARD = "gnu++0x";
				CLANG_CXX_LIBRARY = "libc++";
				CLANG_ENABLE_MODULES = YES;
				CLANG_ENABLE_OBJC_ARC = YES;
				CLANG_WARN_BLOCK_CAPTURE_AUTORELEASING = YES;
				CLANG_WARN_BOOL_CONVERSION = YES;
				CLANG_WARN_COMMA = YES;
				CLANG_WARN_CONSTANT_CONVERSION = YES;
				CLANG_WARN_DIRECT_OBJC_ISA_USAGE = YES_ERROR;
				CLANG_WARN_DOCUMENTATION_COMMENTS = YES;
				CLANG_WARN_EMPTY_BODY = YES;
				CLANG_WARN_ENUM_CONVERSION = YES;
				CLANG_WARN_INFINITE_RECURSION = YES;
				CLANG_WARN_INT_CONVERSION = YES;
				CLANG_WARN_NON_LITERAL_NULL_CONVERSION = YES;
				CLANG_WARN_OBJC_LITERAL_CONVERSION = YES;
				CLANG_WARN_OBJC_ROOT_CLASS = YES_ERROR;
				CLANG_WARN_RANGE_LOOP_ANALYSIS = YES;
				CLANG_WARN_STRICT_PROTOTYPES = YES;
				CLANG_WARN_SUSPICIOUS_MOVE = YES;
				CLANG_WARN_UNREACHABLE_CODE = YES;
				CLANG_WARN__DUPLICATE_METHOD_MATCH = YES;
				"CODE_SIGN_IDENTITY[sdk=iphoneos*]" = "iPhone Developer";
				COPY_PHASE_STRIP = NO;
				DEBUG_INFORMATION_FORMAT = dwarf;
				ENABLE_STRICT_OBJC_MSGSEND = YES;
				ENABLE_TESTABILITY = YES;
				GCC_C_LANGUAGE_STANDARD = gnu99;
				GCC_DYNAMIC_NO_PIC = NO;
				GCC_NO_COMMON_BLOCKS = YES;
				GCC_OPTIMIZATION_LEVEL = 0;
				GCC_PREPROCESSOR_DEFINITIONS = (
					"DEBUG=1",
					"$(inherited)",
				);
				GCC_WARN_64_TO_32_BIT_CONVERSION = YES;
				GCC_WARN_ABOUT_RETURN_TYPE = YES_ERROR;
				GCC_WARN_UNDECLARED_SELECTOR = YES;
				GCC_WARN_UNINITIALIZED_AUTOS = YES_AGGRESSIVE;
				GCC_WARN_UNUSED_FUNCTION = YES;
				GCC_WARN_UNUSED_VARIABLE = YES;
				IPHONEOS_DEPLOYMENT_TARGET = 10.3;
				MTL_ENABLE_DEBUG_INFO = YES;
				ONLY_ACTIVE_ARCH = YES;
				SDKROOT = iphoneos;
				SWIFT_ACTIVE_COMPILATION_CONDITIONS = DEBUG;
				SWIFT_OPTIMIZATION_LEVEL = "-Onone";
				TARGETED_DEVICE_FAMILY = "1,2";
			};
			name = Debug;
		};
		01DF82831F75CB990041C16E /* Release */ = {
			isa = XCBuildConfiguration;
			buildSettings = {
				ALWAYS_SEARCH_USER_PATHS = NO;
				CLANG_ANALYZER_NONNULL = YES;
				CLANG_ANALYZER_NUMBER_OBJECT_CONVERSION = YES_AGGRESSIVE;
				CLANG_CXX_LANGUAGE_STANDARD = "gnu++0x";
				CLANG_CXX_LIBRARY = "libc++";
				CLANG_ENABLE_MODULES = YES;
				CLANG_ENABLE_OBJC_ARC = YES;
				CLANG_WARN_BLOCK_CAPTURE_AUTORELEASING = YES;
				CLANG_WARN_BOOL_CONVERSION = YES;
				CLANG_WARN_COMMA = YES;
				CLANG_WARN_CONSTANT_CONVERSION = YES;
				CLANG_WARN_DIRECT_OBJC_ISA_USAGE = YES_ERROR;
				CLANG_WARN_DOCUMENTATION_COMMENTS = YES;
				CLANG_WARN_EMPTY_BODY = YES;
				CLANG_WARN_ENUM_CONVERSION = YES;
				CLANG_WARN_INFINITE_RECURSION = YES;
				CLANG_WARN_INT_CONVERSION = YES;
				CLANG_WARN_NON_LITERAL_NULL_CONVERSION = YES;
				CLANG_WARN_OBJC_LITERAL_CONVERSION = YES;
				CLANG_WARN_OBJC_ROOT_CLASS = YES_ERROR;
				CLANG_WARN_RANGE_LOOP_ANALYSIS = YES;
				CLANG_WARN_STRICT_PROTOTYPES = YES;
				CLANG_WARN_SUSPICIOUS_MOVE = YES;
				CLANG_WARN_UNREACHABLE_CODE = YES;
				CLANG_WARN__DUPLICATE_METHOD_MATCH = YES;
				"CODE_SIGN_IDENTITY[sdk=iphoneos*]" = "iPhone Developer";
				COPY_PHASE_STRIP = NO;
				DEBUG_INFORMATION_FORMAT = "dwarf-with-dsym";
				ENABLE_NS_ASSERTIONS = NO;
				ENABLE_STRICT_OBJC_MSGSEND = YES;
				GCC_C_LANGUAGE_STANDARD = gnu99;
				GCC_NO_COMMON_BLOCKS = YES;
				GCC_WARN_64_TO_32_BIT_CONVERSION = YES;
				GCC_WARN_ABOUT_RETURN_TYPE = YES_ERROR;
				GCC_WARN_UNDECLARED_SELECTOR = YES;
				GCC_WARN_UNINITIALIZED_AUTOS = YES_AGGRESSIVE;
				GCC_WARN_UNUSED_FUNCTION = YES;
				GCC_WARN_UNUSED_VARIABLE = YES;
				IPHONEOS_DEPLOYMENT_TARGET = 10.3;
				MTL_ENABLE_DEBUG_INFO = NO;
				SDKROOT = iphoneos;
				SWIFT_OPTIMIZATION_LEVEL = "-Owholemodule";
				TARGETED_DEVICE_FAMILY = "1,2";
				VALIDATE_PRODUCT = YES;
			};
			name = Release;
		};
		01DF82851F75CB990041C16E /* Debug */ = {
			isa = XCBuildConfiguration;
			buildSettings = {
				ASSETCATALOG_COMPILER_APPICON_NAME = AppIcon;
				DEVELOPMENT_TEAM = S2UTP3BQ3U;
				INFOPLIST_FILE = SmartBike/Info.plist;
				LD_RUNPATH_SEARCH_PATHS = "$(inherited) @executable_path/Frameworks";
				PRODUCT_BUNDLE_IDENTIFIER = ShubaanTaheri.SmartBike;
				PRODUCT_NAME = "$(TARGET_NAME)";
				SWIFT_SWIFT3_OBJC_INFERENCE = On;
				SWIFT_VERSION = 4.0;
			};
			name = Debug;
		};
		01DF82861F75CB990041C16E /* Release */ = {
			isa = XCBuildConfiguration;
			buildSettings = {
				ASSETCATALOG_COMPILER_APPICON_NAME = AppIcon;
				DEVELOPMENT_TEAM = S2UTP3BQ3U;
				INFOPLIST_FILE = SmartBike/Info.plist;
				LD_RUNPATH_SEARCH_PATHS = "$(inherited) @executable_path/Frameworks";
				PRODUCT_BUNDLE_IDENTIFIER = ShubaanTaheri.SmartBike;
				PRODUCT_NAME = "$(TARGET_NAME)";
				SWIFT_SWIFT3_OBJC_INFERENCE = On;
				SWIFT_VERSION = 4.0;
			};
			name = Release;
		};
		01DF82881F75CB990041C16E /* Debug */ = {
			isa = XCBuildConfiguration;
			buildSettings = {
				ALWAYS_EMBED_SWIFT_STANDARD_LIBRARIES = YES;
				BUNDLE_LOADER = "$(TEST_HOST)";
				INFOPLIST_FILE = SmartBikeTests/Info.plist;
				LD_RUNPATH_SEARCH_PATHS = "$(inherited) @executable_path/Frameworks @loader_path/Frameworks";
				PRODUCT_BUNDLE_IDENTIFIER = ShubaanTaheri.SmartBikeTests;
				PRODUCT_NAME = "$(TARGET_NAME)";
				SWIFT_SWIFT3_OBJC_INFERENCE = On;
				SWIFT_VERSION = 4.0;
				TEST_HOST = "$(BUILT_PRODUCTS_DIR)/SmartBike.app/SmartBike";
			};
			name = Debug;
		};
		01DF82891F75CB990041C16E /* Release */ = {
			isa = XCBuildConfiguration;
			buildSettings = {
				ALWAYS_EMBED_SWIFT_STANDARD_LIBRARIES = YES;
				BUNDLE_LOADER = "$(TEST_HOST)";
				INFOPLIST_FILE = SmartBikeTests/Info.plist;
				LD_RUNPATH_SEARCH_PATHS = "$(inherited) @executable_path/Frameworks @loader_path/Frameworks";
				PRODUCT_BUNDLE_IDENTIFIER = ShubaanTaheri.SmartBikeTests;
				PRODUCT_NAME = "$(TARGET_NAME)";
				SWIFT_SWIFT3_OBJC_INFERENCE = On;
				SWIFT_VERSION = 4.0;
				TEST_HOST = "$(BUILT_PRODUCTS_DIR)/SmartBike.app/SmartBike";
			};
			name = Release;
		};
		01DF828B1F75CB990041C16E /* Debug */ = {
			isa = XCBuildConfiguration;
			buildSettings = {
				ALWAYS_EMBED_SWIFT_STANDARD_LIBRARIES = YES;
				INFOPLIST_FILE = SmartBikeUITests/Info.plist;
				LD_RUNPATH_SEARCH_PATHS = "$(inherited) @executable_path/Frameworks @loader_path/Frameworks";
				PRODUCT_BUNDLE_IDENTIFIER = ShubaanTaheri.SmartBikeUITests;
				PRODUCT_NAME = "$(TARGET_NAME)";
				SWIFT_SWIFT3_OBJC_INFERENCE = On;
				SWIFT_VERSION = 4.0;
				TEST_TARGET_NAME = SmartBike;
			};
			name = Debug;
		};
		01DF828C1F75CB990041C16E /* Release */ = {
			isa = XCBuildConfiguration;
			buildSettings = {
				ALWAYS_EMBED_SWIFT_STANDARD_LIBRARIES = YES;
				INFOPLIST_FILE = SmartBikeUITests/Info.plist;
				LD_RUNPATH_SEARCH_PATHS = "$(inherited) @executable_path/Frameworks @loader_path/Frameworks";
				PRODUCT_BUNDLE_IDENTIFIER = ShubaanTaheri.SmartBikeUITests;
				PRODUCT_NAME = "$(TARGET_NAME)";
				SWIFT_SWIFT3_OBJC_INFERENCE = On;
				SWIFT_VERSION = 4.0;
				TEST_TARGET_NAME = SmartBike;
			};
			name = Release;
		};
/* End XCBuildConfiguration section */

/* Begin XCConfigurationList section */
		01DF82541F75CB980041C16E /* Build configuration list for PBXProject "SmartBike" */ = {
			isa = XCConfigurationList;
			buildConfigurations = (
				01DF82821F75CB990041C16E /* Debug */,
				01DF82831F75CB990041C16E /* Release */,
			);
			defaultConfigurationIsVisible = 0;
			defaultConfigurationName = Release;
		};
		01DF82841F75CB990041C16E /* Build configuration list for PBXNativeTarget "SmartBike" */ = {
			isa = XCConfigurationList;
			buildConfigurations = (
				01DF82851F75CB990041C16E /* Debug */,
				01DF82861F75CB990041C16E /* Release */,
			);
			defaultConfigurationIsVisible = 0;
			defaultConfigurationName = Release;
		};
		01DF82871F75CB990041C16E /* Build configuration list for PBXNativeTarget "SmartBikeTests" */ = {
			isa = XCConfigurationList;
			buildConfigurations = (
				01DF82881F75CB990041C16E /* Debug */,
				01DF82891F75CB990041C16E /* Release */,
			);
			defaultConfigurationIsVisible = 0;
			defaultConfigurationName = Release;
		};
		01DF828A1F75CB990041C16E /* Build configuration list for PBXNativeTarget "SmartBikeUITests" */ = {
			isa = XCConfigurationList;
			buildConfigurations = (
				01DF828B1F75CB990041C16E /* Debug */,
				01DF828C1F75CB990041C16E /* Release */,
			);
			defaultConfigurationIsVisible = 0;
			defaultConfigurationName = Release;
		};
/* End XCConfigurationList section */

/* Begin XCVersionGroup section */
		01DF82631F75CB980041C16E /* SmartBike.xcdatamodeld */ = {
			isa = XCVersionGroup;
			children = (
				01DF82641F75CB980041C16E /* SmartBike.xcdatamodel */,
			);
			currentVersion = 01DF82641F75CB980041C16E /* SmartBike.xcdatamodel */;
			path = SmartBike.xcdatamodeld;
			sourceTree = "<group>";
			versionGroupType = wrapper.xcdatamodel;
		};
/* End XCVersionGroup section */
	};
	rootObject = 01DF82511F75CB980041C16E /* Project object */;
}
